
Microsoft Visual Studio Solution File, Format Version 12.00
# Visual Studio Version 16
VisualStudioVersion = 16.0.31515.178
MinimumVisualStudioVersion = 10.0.40219.1
Project("{FAE04EC0-301F-11D3-BF4B-00C04F79EFBC}") = "WSafe.Web", "WSafe.Web\WSafe.Web.csproj", "{D0341839-D47F-45AF-B069-968E847148E4}"
	ProjectSection(ProjectDependencies) = postProject
		{62F487E0-1E32-4DD8-9DEC-F130128AD5A2} = {62F487E0-1E32-4DD8-9DEC-F130128AD5A2}
	EndProjectSection
EndProject
Project("{FAE04EC0-301F-11D3-BF4B-00C04F79EFBC}") = "WSafe.Domain", "WSafe.Domain\WSafe.Domain.csproj", "{62F487E0-1E32-4DD8-9DEC-F130128AD5A2}"
EndProject
Global
	GlobalSection(SolutionConfigurationPlatforms) = preSolution
		Debug|Any CPU = Debug|Any CPU
		Release|Any CPU = Release|Any CPU
	EndGlobalSection
	GlobalSection(ProjectConfigurationPlatforms) = postSolution
		{D0341839-D47F-45AF-B069-968E847148E4}.Debug|Any CPU.ActiveCfg = Debug|Any CPU
		{D0341839-D47F-45AF-B069-968E847148E4}.Debug|Any CPU.Build.0 = Debug|Any CPU
		{D0341839-D47F-45AF-B069-968E847148E4}.Release|Any CPU.ActiveCfg = Release|Any CPU
		{D0341839-D47F-45AF-B069-968E847148E4}.Release|Any CPU.Build.0 = Release|Any CPU
		{62F487E0-1E32-4DD8-9DEC-F130128AD5A2}.Debug|Any CPU.ActiveCfg = Debug|Any CPU
		{62F487E0-1E32-4DD8-9DEC-F130128AD5A2}.Debug|Any CPU.Build.0 = Debug|Any CPU
		{62F487E0-1E32-4DD8-9DEC-F130128AD5A2}.Release|Any CPU.ActiveCfg = Release|Any CPU
		{62F487E0-1E32-4DD8-9DEC-F130128AD5A2}.Release|Any CPU.Build.0 = Release|Any CPU
	EndGlobalSection
	GlobalSection(SolutionProperties) = preSolution
		HideSolutionNode = FALSE
	EndGlobalSection
	GlobalSection(ExtensibilityGlobals) = postSolution
		SolutionGuid = {03FFE438-822F-45BA-A6CA-0C6E3C9C67DF}
		EnterpriseLibraryConfigurationToolBinariesPath = packages\Unity.2.1.505.0\lib\NET35
	EndGlobalSection
EndGlobal
